
Microsoft Visual Studio Solution File, Format Version 12.00
# Visual Studio Version 16
VisualStudioVersion = 16.0.31205.134
MinimumVisualStudioVersion = 10.0.40219.1
Project("{9A19103F-16F7-4668-BE54-9A1E7A4F7556}") = "BookStore.Data", "Authentication\BookStore.Data.csproj", "{618D13A9-3361-4CFA-9C1A-F4482A7E4712}"
EndProject
Project("{9A19103F-16F7-4668-BE54-9A1E7A4F7556}") = "BookStore.WebApplication", "BookStore.WebApplication\BookStore.WebApplication.csproj", "{2F7A2275-B1FE-458A-B95C-9A22B58B8FAA}"
EndProject
Project("{FAE04EC0-301F-11D3-BF4B-00C04F79EFBC}") = "BookStore.IdentityProvider", "BookStore.IdentityProvider\BookStore.IdentityProvider.csproj", "{70646706-69D7-451F-81F7-1BC113AC8EE8}"
EndProject
Global
	GlobalSection(SolutionConfigurationPlatforms) = preSolution
		Debug|Any CPU = Debug|Any CPU
		Release|Any CPU = Release|Any CPU
	EndGlobalSection
	GlobalSection(ProjectConfigurationPlatforms) = postSolution
		{618D13A9-3361-4CFA-9C1A-F4482A7E4712}.Debug|Any CPU.ActiveCfg = Debug|Any CPU
		{618D13A9-3361-4CFA-9C1A-F4482A7E4712}.Debug|Any CPU.Build.0 = Debug|Any CPU
		{618D13A9-3361-4CFA-9C1A-F4482A7E4712}.Release|Any CPU.ActiveCfg = Release|Any CPU
		{618D13A9-3361-4CFA-9C1A-F4482A7E4712}.Release|Any CPU.Build.0 = Release|Any CPU
		{2F7A2275-B1FE-458A-B95C-9A22B58B8FAA}.Debug|Any CPU.ActiveCfg = Debug|Any CPU
		{2F7A2275-B1FE-458A-B95C-9A22B58B8FAA}.Debug|Any CPU.Build.0 = Debug|Any CPU
		{2F7A2275-B1FE-458A-B95C-9A22B58B8FAA}.Release|Any CPU.ActiveCfg = Release|Any CPU
		{2F7A2275-B1FE-458A-B95C-9A22B58B8FAA}.Release|Any CPU.Build.0 = Release|Any CPU
		{70646706-69D7-451F-81F7-1BC113AC8EE8}.Debug|Any CPU.ActiveCfg = Debug|Any CPU
		{70646706-69D7-451F-81F7-1BC113AC8EE8}.Debug|Any CPU.Build.0 = Debug|Any CPU
		{70646706-69D7-451F-81F7-1BC113AC8EE8}.Release|Any CPU.ActiveCfg = Release|Any CPU
		{70646706-69D7-451F-81F7-1BC113AC8EE8}.Release|Any CPU.Build.0 = Release|Any CPU
	EndGlobalSection
	GlobalSection(SolutionProperties) = preSolution
		HideSolutionNode = FALSE
	EndGlobalSection
	GlobalSection(ExtensibilityGlobals) = postSolution
		SolutionGuid = {387E45F8-DD99-478E-80BB-130F06F52DD9}
	EndGlobalSection
EndGlobal
